
Microsoft Visual Studio Solution File, Format Version 12.00
# Visual Studio Version 16
VisualStudioVersion = 16.0.31424.327
MinimumVisualStudioVersion = 10.0.40219.1
Project("{9A19103F-16F7-4668-BE54-9A1E7A4F7556}") = "MdbTask.Presentation", "MdbTask.Presentation\MdbTask.Presentation.csproj", "{03768B12-5F7E-4138-9953-4941EBE434A4}"
	ProjectSection(ProjectDependencies) = postProject
		{3E2B83DF-1FA5-43CB-A3C0-B5D80B737BD1} = {3E2B83DF-1FA5-43CB-A3C0-B5D80B737BD1}
	EndProjectSection
EndProject
Project("{2150E333-8FDC-42A3-9474-1A3956D46DE8}") = "Presentation", "Presentation", "{69534EE0-ED0B-472E-981A-689468C2747D}"
EndProject
Project("{2150E333-8FDC-42A3-9474-1A3956D46DE8}") = "Data", "Data", "{003EAD17-B619-4579-82F8-19D85C62FA8D}"
EndProject
Project("{FAE04EC0-301F-11D3-BF4B-00C04F79EFBC}") = "MdbTask.Data", "MdbTask.Data\MdbTask.Data.csproj", "{3E2B83DF-1FA5-43CB-A3C0-B5D80B737BD1}"
EndProject
Global
	GlobalSection(SolutionConfigurationPlatforms) = preSolution
		Debug|Any CPU = Debug|Any CPU
		Release|Any CPU = Release|Any CPU
	EndGlobalSection
	GlobalSection(ProjectConfigurationPlatforms) = postSolution
		{03768B12-5F7E-4138-9953-4941EBE434A4}.Debug|Any CPU.ActiveCfg = Debug|Any CPU
		{03768B12-5F7E-4138-9953-4941EBE434A4}.Debug|Any CPU.Build.0 = Debug|Any CPU
		{03768B12-5F7E-4138-9953-4941EBE434A4}.Release|Any CPU.ActiveCfg = Release|Any CPU
		{03768B12-5F7E-4138-9953-4941EBE434A4}.Release|Any CPU.Build.0 = Release|Any CPU
		{3E2B83DF-1FA5-43CB-A3C0-B5D80B737BD1}.Debug|Any CPU.ActiveCfg = Debug|Any CPU
		{3E2B83DF-1FA5-43CB-A3C0-B5D80B737BD1}.Debug|Any CPU.Build.0 = Debug|Any CPU
		{3E2B83DF-1FA5-43CB-A3C0-B5D80B737BD1}.Release|Any CPU.ActiveCfg = Release|Any CPU
		{3E2B83DF-1FA5-43CB-A3C0-B5D80B737BD1}.Release|Any CPU.Build.0 = Release|Any CPU
	EndGlobalSection
	GlobalSection(SolutionProperties) = preSolution
		HideSolutionNode = FALSE
	EndGlobalSection
	GlobalSection(NestedProjects) = preSolution
		{03768B12-5F7E-4138-9953-4941EBE434A4} = {69534EE0-ED0B-472E-981A-689468C2747D}
		{3E2B83DF-1FA5-43CB-A3C0-B5D80B737BD1} = {003EAD17-B619-4579-82F8-19D85C62FA8D}
	EndGlobalSection
	GlobalSection(ExtensibilityGlobals) = postSolution
		SolutionGuid = {1B862336-DB4A-4003-913D-5A86715BA340}
	EndGlobalSection
EndGlobal
